
Microsoft Visual Studio Solution File, Format Version 12.00
# Visual Studio Version 17
VisualStudioVersion = 17.5.002.0
MinimumVisualStudioVersion = 10.0.40219.1
Project("{9A19103F-16F7-4668-BE54-9A1E7A4F7556}") = "Formatação_Básica", "Formatação_Básica\Formatação_Básica.csproj", "{4A97848D-393B-4309-822D-1523BC212928}"
EndProject
Project("{9A19103F-16F7-4668-BE54-9A1E7A4F7556}") = "Operadores_Matemáticos", "Operadores\Operadores_Matemáticos.csproj", "{3D387A7A-E38F-4C07-BAAA-9332FE5389E6}"
EndProject
Project("{9A19103F-16F7-4668-BE54-9A1E7A4F7556}") = "TwoMessages", "Sáida de dados via CLI\TwoMessages.csproj", "{88370728-1F6B-4197-ABF6-160E898D2AB7}"
EndProject
Project("{9A19103F-16F7-4668-BE54-9A1E7A4F7556}") = "Números_Primitivos", "Tipos_Primitivos\Números_Primitivos.csproj", "{549ADAC3-CE7E-4AC8-8A20-E740BEF94FC0}"
EndProject
Project("{9A19103F-16F7-4668-BE54-9A1E7A4F7556}") = "Variaveis", "Variaveis\Variaveis.csproj", "{E1A11139-BF82-41F9-82E4-5482B05FFB39}"
EndProject
Project("{FAE04EC0-301F-11D3-BF4B-00C04F79EFBC}") = "Celsius_to_Fahrenheit", "Celsius_to_Fahrenheit\Celsius_to_Fahrenheit.csproj", "{6C3F9AFC-6FFF-41AC-A834-9152EC59E7A9}"
EndProject
Project("{FAE04EC0-301F-11D3-BF4B-00C04F79EFBC}") = "GPA", "GPA\GPA.csproj", "{AEDAB7BE-C0C3-4E77-96BC-7487D041BDB1}"
EndProject
Project("{FAE04EC0-301F-11D3-BF4B-00C04F79EFBC}") = "HelloC#", "HelloC#\HelloC#.csproj", "{91561748-EB17-4C7E-909A-AD08DBDEFBCB}"
EndProject
Project("{FAE04EC0-301F-11D3-BF4B-00C04F79EFBC}") = "Maior_número", "Maior_número\Maior_número.csproj", "{8CFD59B6-1742-44A8-9509-A60104EB0261}"
EndProject
Global
	GlobalSection(SolutionConfigurationPlatforms) = preSolution
		Debug|Any CPU = Debug|Any CPU
		Release|Any CPU = Release|Any CPU
	EndGlobalSection
	GlobalSection(ProjectConfigurationPlatforms) = postSolution
		{4A97848D-393B-4309-822D-1523BC212928}.Debug|Any CPU.ActiveCfg = Debug|Any CPU
		{4A97848D-393B-4309-822D-1523BC212928}.Debug|Any CPU.Build.0 = Debug|Any CPU
		{4A97848D-393B-4309-822D-1523BC212928}.Release|Any CPU.ActiveCfg = Release|Any CPU
		{4A97848D-393B-4309-822D-1523BC212928}.Release|Any CPU.Build.0 = Release|Any CPU
		{3D387A7A-E38F-4C07-BAAA-9332FE5389E6}.Debug|Any CPU.ActiveCfg = Debug|Any CPU
		{3D387A7A-E38F-4C07-BAAA-9332FE5389E6}.Debug|Any CPU.Build.0 = Debug|Any CPU
		{3D387A7A-E38F-4C07-BAAA-9332FE5389E6}.Release|Any CPU.ActiveCfg = Release|Any CPU
		{3D387A7A-E38F-4C07-BAAA-9332FE5389E6}.Release|Any CPU.Build.0 = Release|Any CPU
		{88370728-1F6B-4197-ABF6-160E898D2AB7}.Debug|Any CPU.ActiveCfg = Debug|Any CPU
		{88370728-1F6B-4197-ABF6-160E898D2AB7}.Debug|Any CPU.Build.0 = Debug|Any CPU
		{88370728-1F6B-4197-ABF6-160E898D2AB7}.Release|Any CPU.ActiveCfg = Release|Any CPU
		{88370728-1F6B-4197-ABF6-160E898D2AB7}.Release|Any CPU.Build.0 = Release|Any CPU
		{549ADAC3-CE7E-4AC8-8A20-E740BEF94FC0}.Debug|Any CPU.ActiveCfg = Debug|Any CPU
		{549ADAC3-CE7E-4AC8-8A20-E740BEF94FC0}.Debug|Any CPU.Build.0 = Debug|Any CPU
		{549ADAC3-CE7E-4AC8-8A20-E740BEF94FC0}.Release|Any CPU.ActiveCfg = Release|Any CPU
		{549ADAC3-CE7E-4AC8-8A20-E740BEF94FC0}.Release|Any CPU.Build.0 = Release|Any CPU
		{E1A11139-BF82-41F9-82E4-5482B05FFB39}.Debug|Any CPU.ActiveCfg = Debug|Any CPU
		{E1A11139-BF82-41F9-82E4-5482B05FFB39}.Debug|Any CPU.Build.0 = Debug|Any CPU
		{E1A11139-BF82-41F9-82E4-5482B05FFB39}.Release|Any CPU.ActiveCfg = Release|Any CPU
		{E1A11139-BF82-41F9-82E4-5482B05FFB39}.Release|Any CPU.Build.0 = Release|Any CPU
		{6C3F9AFC-6FFF-41AC-A834-9152EC59E7A9}.Debug|Any CPU.ActiveCfg = Debug|Any CPU
		{6C3F9AFC-6FFF-41AC-A834-9152EC59E7A9}.Debug|Any CPU.Build.0 = Debug|Any CPU
		{6C3F9AFC-6FFF-41AC-A834-9152EC59E7A9}.Release|Any CPU.ActiveCfg = Release|Any CPU
		{6C3F9AFC-6FFF-41AC-A834-9152EC59E7A9}.Release|Any CPU.Build.0 = Release|Any CPU
		{AEDAB7BE-C0C3-4E77-96BC-7487D041BDB1}.Debug|Any CPU.ActiveCfg = Debug|Any CPU
		{AEDAB7BE-C0C3-4E77-96BC-7487D041BDB1}.Debug|Any CPU.Build.0 = Debug|Any CPU
		{AEDAB7BE-C0C3-4E77-96BC-7487D041BDB1}.Release|Any CPU.ActiveCfg = Release|Any CPU
		{AEDAB7BE-C0C3-4E77-96BC-7487D041BDB1}.Release|Any CPU.Build.0 = Release|Any CPU
		{91561748-EB17-4C7E-909A-AD08DBDEFBCB}.Debug|Any CPU.ActiveCfg = Debug|Any CPU
		{91561748-EB17-4C7E-909A-AD08DBDEFBCB}.Debug|Any CPU.Build.0 = Debug|Any CPU
		{91561748-EB17-4C7E-909A-AD08DBDEFBCB}.Release|Any CPU.ActiveCfg = Release|Any CPU
		{91561748-EB17-4C7E-909A-AD08DBDEFBCB}.Release|Any CPU.Build.0 = Release|Any CPU
		{8CFD59B6-1742-44A8-9509-A60104EB0261}.Debug|Any CPU.ActiveCfg = Debug|Any CPU
		{8CFD59B6-1742-44A8-9509-A60104EB0261}.Debug|Any CPU.Build.0 = Debug|Any CPU
		{8CFD59B6-1742-44A8-9509-A60104EB0261}.Release|Any CPU.ActiveCfg = Release|Any CPU
		{8CFD59B6-1742-44A8-9509-A60104EB0261}.Release|Any CPU.Build.0 = Release|Any CPU
	EndGlobalSection
	GlobalSection(SolutionProperties) = preSolution
		HideSolutionNode = FALSE
	EndGlobalSection
	GlobalSection(ExtensibilityGlobals) = postSolution
		SolutionGuid = {43AE3F32-589D-4A60-B8FD-FA8A6772401D}
	EndGlobalSection
EndGlobal
